
Microsoft Visual Studio Solution File, Format Version 12.00
# Visual Studio Version 17
VisualStudioVersion = 17.10.35122.118
MinimumVisualStudioVersion = 10.0.40219.1
Project("{FAE04EC0-301F-11D3-BF4B-00C04F79EFBC}") = "library", "library.csproj", "{2F13E8FE-A289-4B11-B6FC-0E7E72028AB7}"
EndProject
Global
	GlobalSection(SolutionConfigurationPlatforms) = preSolution
		Debug|Any CPU = Debug|Any CPU
		Release|Any CPU = Release|Any CPU
	EndGlobalSection
	GlobalSection(ProjectConfigurationPlatforms) = postSolution
		{2F13E8FE-A289-4B11-B6FC-0E7E72028AB7}.Debug|Any CPU.ActiveCfg = Debug|Any CPU
		{2F13E8FE-A289-4B11-B6FC-0E7E72028AB7}.Debug|Any CPU.Build.0 = Debug|Any CPU
		{2F13E8FE-A289-4B11-B6FC-0E7E72028AB7}.Release|Any CPU.ActiveCfg = Release|Any CPU
		{2F13E8FE-A289-4B11-B6FC-0E7E72028AB7}.Release|Any CPU.Build.0 = Release|Any CPU
	EndGlobalSection
	GlobalSection(SolutionProperties) = preSolution
		HideSolutionNode = FALSE
	EndGlobalSection
	GlobalSection(ExtensibilityGlobals) = postSolution
		SolutionGuid = {853BC4EC-4DB8-4C1D-BE62-955E3CCBEEE1}
	EndGlobalSection
EndGlobal
